
Microsoft Visual Studio Solution File, Format Version 12.00
# Visual Studio Version 17
VisualStudioVersion = 17.11.35431.28
MinimumVisualStudioVersion = 10.0.40219.1
Project("{FAE04EC0-301F-11D3-BF4B-00C04F79EFBC}") = "ToDo_ADO_NET-DEMO", "ToDo_ADO_NET-DEMO.csproj", "{BDF41D46-694F-4CC1-BB0A-CF7B6927906E}"
EndProject
Global
	GlobalSection(SolutionConfigurationPlatforms) = preSolution
		Debug|Any CPU = Debug|Any CPU
		Release|Any CPU = Release|Any CPU
	EndGlobalSection
	GlobalSection(ProjectConfigurationPlatforms) = postSolution
		{BDF41D46-694F-4CC1-BB0A-CF7B6927906E}.Debug|Any CPU.ActiveCfg = Debug|Any CPU
		{BDF41D46-694F-4CC1-BB0A-CF7B6927906E}.Debug|Any CPU.Build.0 = Debug|Any CPU
		{BDF41D46-694F-4CC1-BB0A-CF7B6927906E}.Release|Any CPU.ActiveCfg = Release|Any CPU
		{BDF41D46-694F-4CC1-BB0A-CF7B6927906E}.Release|Any CPU.Build.0 = Release|Any CPU
	EndGlobalSection
	GlobalSection(SolutionProperties) = preSolution
		HideSolutionNode = FALSE
	EndGlobalSection
	GlobalSection(ExtensibilityGlobals) = postSolution
		SolutionGuid = {53DCFC29-B895-466E-A9D3-E2BAD2B01F52}
	EndGlobalSection
EndGlobal
